
Microsoft Visual Studio Solution File, Format Version 12.00
# Visual Studio 2012
Project("{FAE04EC0-301F-11D3-BF4B-00C04F79EFBC}") = "Barcode Writer", "Barcode Writer\Barcode Writer.csproj", "{7130D5A2-8818-4300-9D1A-80C929059A2D}"
EndProject
Project("{FAE04EC0-301F-11D3-BF4B-00C04F79EFBC}") = "WindowsFormsApplication1", "..\..\Visual Studio 2008\Projects\Barcode Writer\WindowsFormsApplication1\WindowsFormsApplication1.csproj", "{38E8D86F-2C5F-409D-A857-2A0B741BF5E3}"
EndProject
Project("{FAE04EC0-301F-11D3-BF4B-00C04F79EFBC}") = "WebControls", "WebControls\WebControls.csproj", "{DDC14930-2A23-4624-846D-B4CA2FE171B2}"
EndProject
Project("{FAE04EC0-301F-11D3-BF4B-00C04F79EFBC}") = "Barcodes2", "Barcodes2\Barcodes2.csproj", "{17EFA1E3-C128-421E-85CE-3C7BA14F2C62}"
EndProject
Project("{FAE04EC0-301F-11D3-BF4B-00C04F79EFBC}") = "dm cleverness", "..\..\Visual Studio 2010\Projects\Barcode Writer\dm cleverness\dm cleverness.csproj", "{17DCE50F-60CA-4CFA-98F4-D6C441DCB496}"
EndProject
Global
	GlobalSection(SolutionConfigurationPlatforms) = preSolution
		Debug|Any CPU = Debug|Any CPU
		Release|Any CPU = Release|Any CPU
	EndGlobalSection
	GlobalSection(ProjectConfigurationPlatforms) = postSolution
		{7130D5A2-8818-4300-9D1A-80C929059A2D}.Debug|Any CPU.ActiveCfg = Debug|Any CPU
		{7130D5A2-8818-4300-9D1A-80C929059A2D}.Debug|Any CPU.Build.0 = Debug|Any CPU
		{7130D5A2-8818-4300-9D1A-80C929059A2D}.Release|Any CPU.ActiveCfg = Release|Any CPU
		{7130D5A2-8818-4300-9D1A-80C929059A2D}.Release|Any CPU.Build.0 = Release|Any CPU
		{38E8D86F-2C5F-409D-A857-2A0B741BF5E3}.Debug|Any CPU.ActiveCfg = Debug|Any CPU
		{38E8D86F-2C5F-409D-A857-2A0B741BF5E3}.Debug|Any CPU.Build.0 = Debug|Any CPU
		{38E8D86F-2C5F-409D-A857-2A0B741BF5E3}.Release|Any CPU.ActiveCfg = Release|Any CPU
		{38E8D86F-2C5F-409D-A857-2A0B741BF5E3}.Release|Any CPU.Build.0 = Release|Any CPU
		{DDC14930-2A23-4624-846D-B4CA2FE171B2}.Debug|Any CPU.ActiveCfg = Debug|Any CPU
		{DDC14930-2A23-4624-846D-B4CA2FE171B2}.Release|Any CPU.ActiveCfg = Release|Any CPU
		{DDC14930-2A23-4624-846D-B4CA2FE171B2}.Release|Any CPU.Build.0 = Release|Any CPU
		{17EFA1E3-C128-421E-85CE-3C7BA14F2C62}.Debug|Any CPU.ActiveCfg = Debug|Any CPU
		{17EFA1E3-C128-421E-85CE-3C7BA14F2C62}.Debug|Any CPU.Build.0 = Debug|Any CPU
		{17EFA1E3-C128-421E-85CE-3C7BA14F2C62}.Release|Any CPU.ActiveCfg = Release|Any CPU
		{17EFA1E3-C128-421E-85CE-3C7BA14F2C62}.Release|Any CPU.Build.0 = Release|Any CPU
		{17DCE50F-60CA-4CFA-98F4-D6C441DCB496}.Debug|Any CPU.ActiveCfg = Debug|Any CPU
		{17DCE50F-60CA-4CFA-98F4-D6C441DCB496}.Debug|Any CPU.Build.0 = Debug|Any CPU
		{17DCE50F-60CA-4CFA-98F4-D6C441DCB496}.Release|Any CPU.ActiveCfg = Release|Any CPU
		{17DCE50F-60CA-4CFA-98F4-D6C441DCB496}.Release|Any CPU.Build.0 = Release|Any CPU
	EndGlobalSection
	GlobalSection(SolutionProperties) = preSolution
		HideSolutionNode = FALSE
	EndGlobalSection
EndGlobal
